// !$*UTF8*$!
{
	archiveVersion = 1;
	classes = {
	};
	objectVersion = 50;
	objects = {

/* Begin PBXBuildFile section */
		1F1D87DD24DBF53700BB265D /* AppDelegate.swift in Sources */ = {isa = PBXBuildFile; fileRef = 1F1D87DC24DBF53700BB265D /* AppDelegate.swift */; };
		1F1D87DF24DBF53700BB265D /* SceneDelegate.swift in Sources */ = {isa = PBXBuildFile; fileRef = 1F1D87DE24DBF53700BB265D /* SceneDelegate.swift */; };
		1F1D87E124DBF53700BB265D /* ContentView.swift in Sources */ = {isa = PBXBuildFile; fileRef = 1F1D87E024DBF53700BB265D /* ContentView.swift */; };
		1F1D87E324DBF53900BB265D /* Assets.xcassets in Resources */ = {isa = PBXBuildFile; fileRef = 1F1D87E224DBF53900BB265D /* Assets.xcassets */; };
		1F1D87E624DBF53900BB265D /* Preview Assets.xcassets in Resources */ = {isa = PBXBuildFile; fileRef = 1F1D87E524DBF53900BB265D /* Preview Assets.xcassets */; };
		1F1D87E924DBF53900BB265D /* LaunchScreen.storyboard in Resources */ = {isa = PBXBuildFile; fileRef = 1F1D87E724DBF53900BB265D /* LaunchScreen.storyboard */; };
		1F1D87F424DBF53900BB265D /* HypeLoveTests.swift in Sources */ = {isa = PBXBuildFile; fileRef = 1F1D87F324DBF53900BB265D /* HypeLoveTests.swift */; };
/* End PBXBuildFile section */

/* Begin PBXContainerItemProxy section */
		1F1D87F024DBF53900BB265D /* PBXContainerItemProxy */ = {
			isa = PBXContainerItemProxy;
			containerPortal = 1F1D87D124DBF53700BB265D /* Project object */;
			proxyType = 1;
			remoteGlobalIDString = 1F1D87D824DBF53700BB265D;
			remoteInfo = HypeLove;
		};
/* End PBXContainerItemProxy section */

/* Begin PBXFileReference section */
		1F1D87D924DBF53700BB265D /* HypeLove.app */ = {isa = PBXFileReference; explicitFileType = wrapper.application; includeInIndex = 0; path = HypeLove.app; sourceTree = BUILT_PRODUCTS_DIR; };
		1F1D87DC24DBF53700BB265D /* AppDelegate.swift */ = {isa = PBXFileReference; lastKnownFileType = sourcecode.swift; path = AppDelegate.swift; sourceTree = "<group>"; };
		1F1D87DE24DBF53700BB265D /* SceneDelegate.swift */ = {isa = PBXFileReference; lastKnownFileType = sourcecode.swift; path = SceneDelegate.swift; sourceTree = "<group>"; };
		1F1D87E024DBF53700BB265D /* ContentView.swift */ = {isa = PBXFileReference; lastKnownFileType = sourcecode.swift; path = ContentView.swift; sourceTree = "<group>"; };
		1F1D87E224DBF53900BB265D /* Assets.xcassets */ = {isa = PBXFileReference; lastKnownFileType = folder.assetcatalog; path = Assets.xcassets; sourceTree = "<group>"; };
		1F1D87E524DBF53900BB265D /* Preview Assets.xcassets */ = {isa = PBXFileReference; lastKnownFileType = folder.assetcatalog; path = "Preview Assets.xcassets"; sourceTree = "<group>"; };
		1F1D87E824DBF53900BB265D /* Base */ = {isa = PBXFileReference; lastKnownFileType = file.storyboard; name = Base; path = Base.lproj/LaunchScreen.storyboard; sourceTree = "<group>"; };
		1F1D87EA24DBF53900BB265D /* Info.plist */ = {isa = PBXFileReference; lastKnownFileType = text.plist.xml; path = Info.plist; sourceTree = "<group>"; };
		1F1D87EF24DBF53900BB265D /* HypeLoveTests.xctest */ = {isa = PBXFileReference; explicitFileType = wrapper.cfbundle; includeInIndex = 0; path = HypeLoveTests.xctest; sourceTree = BUILT_PRODUCTS_DIR; };
		1F1D87F324DBF53900BB265D /* HypeLoveTests.swift */ = {isa = PBXFileReference; lastKnownFileType = sourcecode.swift; path = HypeLoveTests.swift; sourceTree = "<group>"; };
		1F1D87F524DBF53900BB265D /* Info.plist */ = {isa = PBXFileReference; lastKnownFileType = text.plist.xml; path = Info.plist; sourceTree = "<group>"; };
/* End PBXFileReference section */

/* Begin PBXFrameworksBuildPhase section */
		1F1D87D624DBF53700BB265D /* Frameworks */ = {
			isa = PBXFrameworksBuildPhase;
			buildActionMask = 2147483647;
			files = (
			);
			runOnlyForDeploymentPostprocessing = 0;
		};
		1F1D87EC24DBF53900BB265D /* Frameworks */ = {
			isa = PBXFrameworksBuildPhase;
			buildActionMask = 2147483647;
			files = (
			);
			runOnlyForDeploymentPostprocessing = 0;
		};
/* End PBXFrameworksBuildPhase section */

/* Begin PBXGroup section */
		1F1D87D024DBF53700BB265D = {
			isa = PBXGroup;
			children = (
				1F1D87DB24DBF53700BB265D /* HypeLove */,
				1F1D87F224DBF53900BB265D /* HypeLoveTests */,
				1F1D87DA24DBF53700BB265D /* Products */,
			);
			sourceTree = "<group>";
		};
		1F1D87DA24DBF53700BB265D /* Products */ = {
			isa = PBXGroup;
			children = (
				1F1D87D924DBF53700BB265D /* HypeLove.app */,
				1F1D87EF24DBF53900BB265D /* HypeLoveTests.xctest */,
			);
			name = Products;
			sourceTree = "<group>";
		};
		1F1D87DB24DBF53700BB265D /* HypeLove */ = {
			isa = PBXGroup;
			children = (
				1F1D87DC24DBF53700BB265D /* AppDelegate.swift */,
				1F1D87DE24DBF53700BB265D /* SceneDelegate.swift */,
				1F1D87E024DBF53700BB265D /* ContentView.swift */,
				1F1D87E224DBF53900BB265D /* Assets.xcassets */,
				1F1D87E724DBF53900BB265D /* LaunchScreen.storyboard */,
				1F1D87EA24DBF53900BB265D /* Info.plist */,
				1F1D87E424DBF53900BB265D /* Preview Content */,
			);
			path = HypeLove;
			sourceTree = "<group>";
		};
		1F1D87E424DBF53900BB265D /* Preview Content */ = {
			isa = PBXGroup;
			children = (
				1F1D87E524DBF53900BB265D /* Preview Assets.xcassets */,
			);
			path = "Preview Content";
			sourceTree = "<group>";
		};
		1F1D87F224DBF53900BB265D /* HypeLoveTests */ = {
			isa = PBXGroup;
			children = (
				1F1D87F324DBF53900BB265D /* HypeLoveTests.swift */,
				1F1D87F524DBF53900BB265D /* Info.plist */,
			);
			path = HypeLoveTests;
			sourceTree = "<group>";
		};
/* End PBXGroup section */

/* Begin PBXNativeTarget section */
		1F1D87D824DBF53700BB265D /* HypeLove */ = {
			isa = PBXNativeTarget;
			buildConfigurationList = 1F1D87F824DBF53900BB265D /* Build configuration list for PBXNativeTarget "HypeLove" */;
			buildPhases = (
				1F1D87D524DBF53700BB265D /* Sources */,
				1F1D87D624DBF53700BB265D /* Frameworks */,
				1F1D87D724DBF53700BB265D /* Resources */,
			);
			buildRules = (
			);
			dependencies = (
			);
			name = HypeLove;
			productName = HypeLove;
			productReference = 1F1D87D924DBF53700BB265D /* HypeLove.app */;
			productType = "com.apple.product-type.application";
		};
		1F1D87EE24DBF53900BB265D /* HypeLoveTests */ = {
			isa = PBXNativeTarget;
			buildConfigurationList = 1F1D87FB24DBF53900BB265D /* Build configuration list for PBXNativeTarget "HypeLoveTests" */;
			buildPhases = (
				1F1D87EB24DBF53900BB265D /* Sources */,
				1F1D87EC24DBF53900BB265D /* Frameworks */,
				1F1D87ED24DBF53900BB265D /* Resources */,
			);
			buildRules = (
			);
			dependencies = (
				1F1D87F124DBF53900BB265D /* PBXTargetDependency */,
			);
			name = HypeLoveTests;
			productName = HypeLoveTests;
			productReference = 1F1D87EF24DBF53900BB265D /* HypeLoveTests.xctest */;
			productType = "com.apple.product-type.bundle.unit-test";
		};
/* End PBXNativeTarget section */

/* Begin PBXProject section */
		1F1D87D124DBF53700BB265D /* Project object */ = {
			isa = PBXProject;
			attributes = {
				LastSwiftUpdateCheck = 1160;
				LastUpgradeCheck = 1160;
				ORGANIZATIONNAME = Jaume;
				TargetAttributes = {
					1F1D87D824DBF53700BB265D = {
						CreatedOnToolsVersion = 11.6;
					};
					1F1D87EE24DBF53900BB265D = {
						CreatedOnToolsVersion = 11.6;
						TestTargetID = 1F1D87D824DBF53700BB265D;
					};
				};
			};
			buildConfigurationList = 1F1D87D424DBF53700BB265D /* Build configuration list for PBXProject "HypeLove" */;
			compatibilityVersion = "Xcode 9.3";
			developmentRegion = en;
			hasScannedForEncodings = 0;
			knownRegions = (
				en,
				Base,
			);
			mainGroup = 1F1D87D024DBF53700BB265D;
			productRefGroup = 1F1D87DA24DBF53700BB265D /* Products */;
			projectDirPath = "";
			projectRoot = "";
			targets = (
				1F1D87D824DBF53700BB265D /* HypeLove */,
				1F1D87EE24DBF53900BB265D /* HypeLoveTests */,
			);
		};
/* End PBXProject section */

/* Begin PBXResourcesBuildPhase section */
		1F1D87D724DBF53700BB265D /* Resources */ = {
			isa = PBXResourcesBuildPhase;
			buildActionMask = 2147483647;
			files = (
				1F1D87E924DBF53900BB265D /* LaunchScreen.storyboard in Resources */,
				1F1D87E624DBF53900BB265D /* Preview Assets.xcassets in Resources */,
				1F1D87E324DBF53900BB265D /* Assets.xcassets in Resources */,
			);
			runOnlyForDeploymentPostprocessing = 0;
		};
		1F1D87ED24DBF53900BB265D /* Resources */ = {
			isa = PBXResourcesBuildPhase;
			buildActionMask = 2147483647;
			files = (
			);
			runOnlyForDeploymentPostprocessing = 0;
		};
/* End PBXResourcesBuildPhase section */

/* Begin PBXSourcesBuildPhase section */
		1F1D87D524DBF53700BB265D /* Sources */ = {
			isa = PBXSourcesBuildPhase;
			buildActionMask = 2147483647;
			files = (
				1F1D87DD24DBF53700BB265D /* AppDelegate.swift in Sources */,
				1F1D87DF24DBF53700BB265D /* SceneDelegate.swift in Sources */,
				1F1D87E124DBF53700BB265D /* ContentView.swift in Sources */,
			);
			runOnlyForDeploymentPostprocessing = 0;
		};
		1F1D87EB24DBF53900BB265D /* Sources */ = {
			isa = PBXSourcesBuildPhase;
			buildActionMask = 2147483647;
			files = (
				1F1D87F424DBF53900BB265D /* HypeLoveTests.swift in Sources */,
			);
			runOnlyForDeploymentPostprocessing = 0;
		};
/* End PBXSourcesBuildPhase section */

/* Begin PBXTargetDependency section */
		1F1D87F124DBF53900BB265D /* PBXTargetDependency */ = {
			isa = PBXTargetDependency;
			target = 1F1D87D824DBF53700BB265D /* HypeLove */;
			targetProxy = 1F1D87F024DBF53900BB265D /* PBXContainerItemProxy */;
		};
/* End PBXTargetDependency section */

/* Begin PBXVariantGroup section */
		1F1D87E724DBF53900BB265D /* LaunchScreen.storyboard */ = {
			isa = PBXVariantGroup;
			children = (
				1F1D87E824DBF53900BB265D /* Base */,
			);
			name = LaunchScreen.storyboard;
			sourceTree = "<group>";
		};
/* End PBXVariantGroup section */

/* Begin XCBuildConfiguration section */
		1F1D87F624DBF53900BB265D /* Debug */ = {
			isa = XCBuildConfiguration;
			buildSettings = {
				ALWAYS_SEARCH_USER_PATHS = NO;
				CLANG_ANALYZER_NONNULL = YES;
				CLANG_ANALYZER_NUMBER_OBJECT_CONVERSION = YES_AGGRESSIVE;
				CLANG_CXX_LANGUAGE_STANDARD = "gnu++14";
				CLANG_CXX_LIBRARY = "libc++";
				CLANG_ENABLE_MODULES = YES;
				CLANG_ENABLE_OBJC_ARC = YES;
				CLANG_ENABLE_OBJC_WEAK = YES;
				CLANG_WARN_BLOCK_CAPTURE_AUTORELEASING = YES;
				CLANG_WARN_BOOL_CONVERSION = YES;
				CLANG_WARN_COMMA = YES;
				CLANG_WARN_CONSTANT_CONVERSION = YES;
				CLANG_WARN_DEPRECATED_OBJC_IMPLEMENTATIONS = YES;
				CLANG_WARN_DIRECT_OBJC_ISA_USAGE = YES_ERROR;
				CLANG_WARN_DOCUMENTATION_COMMENTS = YES;
				CLANG_WARN_EMPTY_BODY = YES;
				CLANG_WARN_ENUM_CONVERSION = YES;
				CLANG_WARN_INFINITE_RECURSION = YES;
				CLANG_WARN_INT_CONVERSION = YES;
				CLANG_WARN_NON_LITERAL_NULL_CONVERSION = YES;
				CLANG_WARN_OBJC_IMPLICIT_RETAIN_SELF = YES;
				CLANG_WARN_OBJC_LITERAL_CONVERSION = YES;
				CLANG_WARN_OBJC_ROOT_CLASS = YES_ERROR;
				CLANG_WARN_RANGE_LOOP_ANALYSIS = YES;
				CLANG_WARN_STRICT_PROTOTYPES = YES;
				CLANG_WARN_SUSPICIOUS_MOVE = YES;
				CLANG_WARN_UNGUARDED_AVAILABILITY = YES_AGGRESSIVE;
				CLANG_WARN_UNREACHABLE_CODE = YES;
				CLANG_WARN__DUPLICATE_METHOD_MATCH = YES;
				COPY_PHASE_STRIP = NO;
				DEBUG_INFORMATION_FORMAT = dwarf;
				ENABLE_STRICT_OBJC_MSGSEND = YES;
				ENABLE_TESTABILITY = YES;
				GCC_C_LANGUAGE_STANDARD = gnu11;
				GCC_DYNAMIC_NO_PIC = NO;
				GCC_NO_COMMON_BLOCKS = YES;
				GCC_OPTIMIZATION_LEVEL = 0;
				GCC_PREPROCESSOR_DEFINITIONS = (
					"DEBUG=1",
					"$(inherited)",
				);
				GCC_WARN_64_TO_32_BIT_CONVERSION = YES;
				GCC_WARN_ABOUT_RETURN_TYPE = YES_ERROR;
				GCC_WARN_UNDECLARED_SELECTOR = YES;
				GCC_WARN_UNINITIALIZED_AUTOS = YES_AGGRESSIVE;
				GCC_WARN_UNUSED_FUNCTION = YES;
				GCC_WARN_UNUSED_VARIABLE = YES;
				IPHONEOS_DEPLOYMENT_TARGET = 13.6;
				MTL_ENABLE_DEBUG_INFO = INCLUDE_SOURCE;
				MTL_FAST_MATH = YES;
				ONLY_ACTIVE_ARCH = YES;
				SDKROOT = iphoneos;
				SWIFT_ACTIVE_COMPILATION_CONDITIONS = DEBUG;
				SWIFT_OPTIMIZATION_LEVEL = "-Onone";
			};
			name = Debug;
		};
		1F1D87F724DBF53900BB265D /* Release */ = {
			isa = XCBuildConfiguration;
			buildSettings = {
				ALWAYS_SEARCH_USER_PATHS = NO;
				CLANG_ANALYZER_NONNULL = YES;
				CLANG_ANALYZER_NUMBER_OBJECT_CONVERSION = YES_AGGRESSIVE;
				CLANG_CXX_LANGUAGE_STANDARD = "gnu++14";
				CLANG_CXX_LIBRARY = "libc++";
				CLANG_ENABLE_MODULES = YES;
				CLANG_ENABLE_OBJC_ARC = YES;
				CLANG_ENABLE_OBJC_WEAK = YES;
				CLANG_WARN_BLOCK_CAPTURE_AUTORELEASING = YES;
				CLANG_WARN_BOOL_CONVERSION = YES;
				CLANG_WARN_COMMA = YES;
				CLANG_WARN_CONSTANT_CONVERSION = YES;
				CLANG_WARN_DEPRECATED_OBJC_IMPLEMENTATIONS = YES;
				CLANG_WARN_DIRECT_OBJC_ISA_USAGE = YES_ERROR;
				CLANG_WARN_DOCUMENTATION_COMMENTS = YES;
				CLANG_WARN_EMPTY_BODY = YES;
				CLANG_WARN_ENUM_CONVERSION = YES;
				CLANG_WARN_INFINITE_RECURSION = YES;
				CLANG_WARN_INT_CONVERSION = YES;
				CLANG_WARN_NON_LITERAL_NULL_CONVERSION = YES;
				CLANG_WARN_OBJC_IMPLICIT_RETAIN_SELF = YES;
				CLANG_WARN_OBJC_LITERAL_CONVERSION = YES;
				CLANG_WARN_OBJC_ROOT_CLASS = YES_ERROR;
				CLANG_WARN_RANGE_LOOP_ANALYSIS = YES;
				CLANG_WARN_STRICT_PROTOTYPES = YES;
				CLANG_WARN_SUSPICIOUS_MOVE = YES;
				CLANG_WARN_UNGUARDED_AVAILABILITY = YES_AGGRESSIVE;
				CLANG_WARN_UNREACHABLE_CODE = YES;
				CLANG_WARN__DUPLICATE_METHOD_MATCH = YES;
				COPY_PHASE_STRIP = NO;
				DEBUG_INFORMATION_FORMAT = "dwarf-with-dsym";
				ENABLE_NS_ASSERTIONS = NO;
				ENABLE_STRICT_OBJC_MSGSEND = YES;
				GCC_C_LANGUAGE_STANDARD = gnu11;
				GCC_NO_COMMON_BLOCKS = YES;
				GCC_WARN_64_TO_32_BIT_CONVERSION = YES;
				GCC_WARN_ABOUT_RETURN_TYPE = YES_ERROR;
				GCC_WARN_UNDECLARED_SELECTOR = YES;
				GCC_WARN_UNINITIALIZED_AUTOS = YES_AGGRESSIVE;
				GCC_WARN_UNUSED_FUNCTION = YES;
				GCC_WARN_UNUSED_VARIABLE = YES;
				IPHONEOS_DEPLOYMENT_TARGET = 13.6;
				MTL_ENABLE_DEBUG_INFO = NO;
				MTL_FAST_MATH = YES;
				SDKROOT = iphoneos;
				SWIFT_COMPILATION_MODE = wholemodule;
				SWIFT_OPTIMIZATION_LEVEL = "-O";
				VALIDATE_PRODUCT = YES;
			};
			name = Release;
		};
		1F1D87F924DBF53900BB265D /* Debug */ = {
			isa = XCBuildConfiguration;
			buildSettings = {
				ASSETCATALOG_COMPILER_APPICON_NAME = AppIcon;
				CODE_SIGN_STYLE = Automatic;
				DEVELOPMENT_ASSET_PATHS = "\"HypeLove/Preview Content\"";
				DEVELOPMENT_TEAM = HQV3E5C7S2;
				ENABLE_PREVIEWS = YES;
				INFOPLIST_FILE = HypeLove/Info.plist;
				LD_RUNPATH_SEARCH_PATHS = (
					"$(inherited)",
					"@executable_path/Frameworks",
				);
				PRODUCT_BUNDLE_IDENTIFIER = co.corbi.HypeLove;
				PRODUCT_NAME = "$(TARGET_NAME)";
				SWIFT_VERSION = 5.0;
				TARGETED_DEVICE_FAMILY = "1,2";
			};
			name = Debug;
		};
		1F1D87FA24DBF53900BB265D /* Release */ = {
			isa = XCBuildConfiguration;
			buildSettings = {
				ASSETCATALOG_COMPILER_APPICON_NAME = AppIcon;
				CODE_SIGN_STYLE = Automatic;
				DEVELOPMENT_ASSET_PATHS = "\"HypeLove/Preview Content\"";
				DEVELOPMENT_TEAM = HQV3E5C7S2;
				ENABLE_PREVIEWS = YES;
				INFOPLIST_FILE = HypeLove/Info.plist;
				LD_RUNPATH_SEARCH_PATHS = (
					"$(inherited)",
					"@executable_path/Frameworks",
				);
				PRODUCT_BUNDLE_IDENTIFIER = co.corbi.HypeLove;
				PRODUCT_NAME = "$(TARGET_NAME)";
				SWIFT_VERSION = 5.0;
				TARGETED_DEVICE_FAMILY = "1,2";
			};
			name = Release;
		};
		1F1D87FC24DBF53900BB265D /* Debug */ = {
			isa = XCBuildConfiguration;
			buildSettings = {
				ALWAYS_EMBED_SWIFT_STANDARD_LIBRARIES = YES;
				BUNDLE_LOADER = "$(TEST_HOST)";
				CODE_SIGN_STYLE = Automatic;
				DEVELOPMENT_TEAM = HQV3E5C7S2;
				INFOPLIST_FILE = HypeLoveTests/Info.plist;
				IPHONEOS_DEPLOYMENT_TARGET = 13.6;
				LD_RUNPATH_SEARCH_PATHS = (
					"$(inherited)",
					"@executable_path/Frameworks",
					"@loader_path/Frameworks",
				);
				PRODUCT_BUNDLE_IDENTIFIER = co.corbi.HypeLoveTests;
				PRODUCT_NAME = "$(TARGET_NAME)";
				SWIFT_VERSION = 5.0;
				TARGETED_DEVICE_FAMILY = "1,2";
				TEST_HOST = "$(BUILT_PRODUCTS_DIR)/HypeLove.app/HypeLove";
			};
			name = Debug;
		};
		1F1D87FD24DBF53900BB265D /* Release */ = {
			isa = XCBuildConfiguration;
			buildSettings = {
				ALWAYS_EMBED_SWIFT_STANDARD_LIBRARIES = YES;
				BUNDLE_LOADER = "$(TEST_HOST)";
				CODE_SIGN_STYLE = Automatic;
				DEVELOPMENT_TEAM = HQV3E5C7S2;
				INFOPLIST_FILE = HypeLoveTests/Info.plist;
				IPHONEOS_DEPLOYMENT_TARGET = 13.6;
				LD_RUNPATH_SEARCH_PATHS = (
					"$(inherited)",
					"@executable_path/Frameworks",
					"@loader_path/Frameworks",
				);
				PRODUCT_BUNDLE_IDENTIFIER = co.corbi.HypeLoveTests;
				PRODUCT_NAME = "$(TARGET_NAME)";
				SWIFT_VERSION = 5.0;
				TARGETED_DEVICE_FAMILY = "1,2";
				TEST_HOST = "$(BUILT_PRODUCTS_DIR)/HypeLove.app/HypeLove";
			};
			name = Release;
		};
/* End XCBuildConfiguration section */

/* Begin XCConfigurationList section */
		1F1D87D424DBF53700BB265D /* Build configuration list for PBXProject "HypeLove" */ = {
			isa = XCConfigurationList;
			buildConfigurations = (
				1F1D87F624DBF53900BB265D /* Debug */,
				1F1D87F724DBF53900BB265D /* Release */,
			);
			defaultConfigurationIsVisible = 0;
			defaultConfigurationName = Release;
		};
		1F1D87F824DBF53900BB265D /* Build configuration list for PBXNativeTarget "HypeLove" */ = {
			isa = XCConfigurationList;
			buildConfigurations = (
				1F1D87F924DBF53900BB265D /* Debug */,
				1F1D87FA24DBF53900BB265D /* Release */,
			);
			defaultConfigurationIsVisible = 0;
			defaultConfigurationName = Release;
		};
		1F1D87FB24DBF53900BB265D /* Build configuration list for PBXNativeTarget "HypeLoveTests" */ = {
			isa = XCConfigurationList;
			buildConfigurations = (
				1F1D87FC24DBF53900BB265D /* Debug */,
				1F1D87FD24DBF53900BB265D /* Release */,
			);
			defaultConfigurationIsVisible = 0;
			defaultConfigurationName = Release;
		};
/* End XCConfigurationList section */
	};
	rootObject = 1F1D87D124DBF53700BB265D /* Project object */;
}
