// !$*UTF8*$!
{
	archiveVersion = 1;
	classes = {
	};
	objectVersion = 50;
	objects = {

/* Begin PBXBuildFile section */
		1F49745F24DC1EC10085F599 /* HypeLoveApp.swift in Sources */ = {isa = PBXBuildFile; fileRef = 1F49744C24DC1EBF0085F599 /* HypeLoveApp.swift */; };
		1F49746024DC1EC10085F599 /* HypeLoveApp.swift in Sources */ = {isa = PBXBuildFile; fileRef = 1F49744C24DC1EBF0085F599 /* HypeLoveApp.swift */; };
		1F49746324DC1EC10085F599 /* Assets.xcassets in Resources */ = {isa = PBXBuildFile; fileRef = 1F49744E24DC1EC10085F599 /* Assets.xcassets */; };
		1F49746424DC1EC10085F599 /* Assets.xcassets in Resources */ = {isa = PBXBuildFile; fileRef = 1F49744E24DC1EC10085F599 /* Assets.xcassets */; };
		1F49747124DC1F1F0085F599 /* Keychain.swift in Sources */ = {isa = PBXBuildFile; fileRef = 1F49746F24DC1F1F0085F599 /* Keychain.swift */; };
		1F49747224DC1F1F0085F599 /* KeychainService.swift in Sources */ = {isa = PBXBuildFile; fileRef = 1F49747024DC1F1F0085F599 /* KeychainService.swift */; };
		1F49747324DC1F230085F599 /* Keychain.swift in Sources */ = {isa = PBXBuildFile; fileRef = 1F49746F24DC1F1F0085F599 /* Keychain.swift */; };
		1F49747424DC1F260085F599 /* KeychainService.swift in Sources */ = {isa = PBXBuildFile; fileRef = 1F49747024DC1F1F0085F599 /* KeychainService.swift */; };
		1F49747924DC1F350085F599 /* NetworkClient.swift in Sources */ = {isa = PBXBuildFile; fileRef = 1F49747624DC1F350085F599 /* NetworkClient.swift */; };
		1F49747A24DC1F350085F599 /* NetworkClient.swift in Sources */ = {isa = PBXBuildFile; fileRef = 1F49747624DC1F350085F599 /* NetworkClient.swift */; };
		1F49747B24DC1F350085F599 /* LoginRequest.swift in Sources */ = {isa = PBXBuildFile; fileRef = 1F49747824DC1F350085F599 /* LoginRequest.swift */; };
		1F49747C24DC1F350085F599 /* LoginRequest.swift in Sources */ = {isa = PBXBuildFile; fileRef = 1F49747824DC1F350085F599 /* LoginRequest.swift */; };
		1F49748724DC1F540085F599 /* PopularView.swift in Sources */ = {isa = PBXBuildFile; fileRef = 1F49748224DC1F540085F599 /* PopularView.swift */; };
		1F49748824DC1F540085F599 /* PopularView.swift in Sources */ = {isa = PBXBuildFile; fileRef = 1F49748224DC1F540085F599 /* PopularView.swift */; };
		1F49748924DC1F540085F599 /* LoginView.swift in Sources */ = {isa = PBXBuildFile; fileRef = 1F49748424DC1F540085F599 /* LoginView.swift */; };
		1F49748A24DC1F540085F599 /* LoginView.swift in Sources */ = {isa = PBXBuildFile; fileRef = 1F49748424DC1F540085F599 /* LoginView.swift */; };
		1F83325424DC246E0054DD8D /* UserState.swift in Sources */ = {isa = PBXBuildFile; fileRef = 1F83325324DC246E0054DD8D /* UserState.swift */; };
		1F83325524DC246E0054DD8D /* UserState.swift in Sources */ = {isa = PBXBuildFile; fileRef = 1F83325324DC246E0054DD8D /* UserState.swift */; };
		1F83325724DC50F00054DD8D /* LoginViewModel.swift in Sources */ = {isa = PBXBuildFile; fileRef = 1F83325624DC50F00054DD8D /* LoginViewModel.swift */; };
		1F83325824DC50F00054DD8D /* LoginViewModel.swift in Sources */ = {isa = PBXBuildFile; fileRef = 1F83325624DC50F00054DD8D /* LoginViewModel.swift */; };
		1FA1F6DA24DC81A50095C0A2 /* HypeTexfield.swift in Sources */ = {isa = PBXBuildFile; fileRef = 1FA1F6D924DC81A50095C0A2 /* HypeTexfield.swift */; };
		1FA1F6DB24DC81A50095C0A2 /* HypeTexfield.swift in Sources */ = {isa = PBXBuildFile; fileRef = 1FA1F6D924DC81A50095C0A2 /* HypeTexfield.swift */; };
		1FA1F6DD24DC81CE0095C0A2 /* OnTapDismissKeyboard.swift in Sources */ = {isa = PBXBuildFile; fileRef = 1FA1F6DC24DC81CE0095C0A2 /* OnTapDismissKeyboard.swift */; };
		1FA1F6DE24DC81CE0095C0A2 /* OnTapDismissKeyboard.swift in Sources */ = {isa = PBXBuildFile; fileRef = 1FA1F6DC24DC81CE0095C0A2 /* OnTapDismissKeyboard.swift */; };
		1FC2F39124DD6246006C78A8 /* Color.swift in Sources */ = {isa = PBXBuildFile; fileRef = 1FC2F39024DD6246006C78A8 /* Color.swift */; };
		1FC2F39224DD6246006C78A8 /* Color.swift in Sources */ = {isa = PBXBuildFile; fileRef = 1FC2F39024DD6246006C78A8 /* Color.swift */; };
		1FEFE54124DE9DD6002DEEB8 /* NetworkError.swift in Sources */ = {isa = PBXBuildFile; fileRef = 1FEFE54024DE9DD6002DEEB8 /* NetworkError.swift */; };
		1FEFE54224DE9DD6002DEEB8 /* NetworkError.swift in Sources */ = {isa = PBXBuildFile; fileRef = 1FEFE54024DE9DD6002DEEB8 /* NetworkError.swift */; };
		1FEFE54424DE9E05002DEEB8 /* NetworkRequest.swift in Sources */ = {isa = PBXBuildFile; fileRef = 1FEFE54324DE9E05002DEEB8 /* NetworkRequest.swift */; };
		1FEFE54524DE9E05002DEEB8 /* NetworkRequest.swift in Sources */ = {isa = PBXBuildFile; fileRef = 1FEFE54324DE9E05002DEEB8 /* NetworkRequest.swift */; };
		1FEFE54724DEAA1D002DEEB8 /* TrackListRequest.swift in Sources */ = {isa = PBXBuildFile; fileRef = 1FEFE54624DEAA1D002DEEB8 /* TrackListRequest.swift */; };
		1FEFE54824DEAA1D002DEEB8 /* TrackListRequest.swift in Sources */ = {isa = PBXBuildFile; fileRef = 1FEFE54624DEAA1D002DEEB8 /* TrackListRequest.swift */; };
		1FEFE54A24DEAC75002DEEB8 /* PopularViewModel.swift in Sources */ = {isa = PBXBuildFile; fileRef = 1FEFE54924DEAC75002DEEB8 /* PopularViewModel.swift */; };
		1FEFE54B24DEAC75002DEEB8 /* PopularViewModel.swift in Sources */ = {isa = PBXBuildFile; fileRef = 1FEFE54924DEAC75002DEEB8 /* PopularViewModel.swift */; };
		1FEFE57324DF1B06002DEEB8 /* TrackView.swift in Sources */ = {isa = PBXBuildFile; fileRef = 1FEFE57224DF1B06002DEEB8 /* TrackView.swift */; };
		1FEFE57424DF1B06002DEEB8 /* TrackView.swift in Sources */ = {isa = PBXBuildFile; fileRef = 1FEFE57224DF1B06002DEEB8 /* TrackView.swift */; };
		1FEFE57724DFD15C002DEEB8 /* MinuteSecondSFormatter.swift in Sources */ = {isa = PBXBuildFile; fileRef = 1FEFE57624DFD15C002DEEB8 /* MinuteSecondSFormatter.swift */; };
		1FEFE57824DFD15C002DEEB8 /* MinuteSecondSFormatter.swift in Sources */ = {isa = PBXBuildFile; fileRef = 1FEFE57624DFD15C002DEEB8 /* MinuteSecondSFormatter.swift */; };
/* End PBXBuildFile section */

/* Begin PBXFileReference section */
		1F49744C24DC1EBF0085F599 /* HypeLoveApp.swift */ = {isa = PBXFileReference; lastKnownFileType = sourcecode.swift; path = HypeLoveApp.swift; sourceTree = "<group>"; };
		1F49744E24DC1EC10085F599 /* Assets.xcassets */ = {isa = PBXFileReference; lastKnownFileType = folder.assetcatalog; path = Assets.xcassets; sourceTree = "<group>"; };
		1F49745324DC1EC10085F599 /* HypeLove.app */ = {isa = PBXFileReference; explicitFileType = wrapper.application; includeInIndex = 0; path = HypeLove.app; sourceTree = BUILT_PRODUCTS_DIR; };
		1F49745624DC1EC10085F599 /* Info.plist */ = {isa = PBXFileReference; lastKnownFileType = text.plist.xml; path = Info.plist; sourceTree = "<group>"; };
		1F49745B24DC1EC10085F599 /* HypeLove.app */ = {isa = PBXFileReference; explicitFileType = wrapper.application; includeInIndex = 0; path = HypeLove.app; sourceTree = BUILT_PRODUCTS_DIR; };
		1F49745D24DC1EC10085F599 /* Info.plist */ = {isa = PBXFileReference; lastKnownFileType = text.plist.xml; path = Info.plist; sourceTree = "<group>"; };
		1F49745E24DC1EC10085F599 /* macOS.entitlements */ = {isa = PBXFileReference; lastKnownFileType = text.plist.entitlements; path = macOS.entitlements; sourceTree = "<group>"; };
		1F49746F24DC1F1F0085F599 /* Keychain.swift */ = {isa = PBXFileReference; fileEncoding = 4; lastKnownFileType = sourcecode.swift; path = Keychain.swift; sourceTree = "<group>"; };
		1F49747024DC1F1F0085F599 /* KeychainService.swift */ = {isa = PBXFileReference; fileEncoding = 4; lastKnownFileType = sourcecode.swift; path = KeychainService.swift; sourceTree = "<group>"; };
		1F49747624DC1F350085F599 /* NetworkClient.swift */ = {isa = PBXFileReference; fileEncoding = 4; lastKnownFileType = sourcecode.swift; path = NetworkClient.swift; sourceTree = "<group>"; };
		1F49747824DC1F350085F599 /* LoginRequest.swift */ = {isa = PBXFileReference; fileEncoding = 4; lastKnownFileType = sourcecode.swift; path = LoginRequest.swift; sourceTree = "<group>"; };
		1F49748224DC1F540085F599 /* PopularView.swift */ = {isa = PBXFileReference; fileEncoding = 4; lastKnownFileType = sourcecode.swift; path = PopularView.swift; sourceTree = "<group>"; };
		1F49748424DC1F540085F599 /* LoginView.swift */ = {isa = PBXFileReference; fileEncoding = 4; lastKnownFileType = sourcecode.swift; path = LoginView.swift; sourceTree = "<group>"; };
		1F83325324DC246E0054DD8D /* UserState.swift */ = {isa = PBXFileReference; lastKnownFileType = sourcecode.swift; path = UserState.swift; sourceTree = "<group>"; };
		1F83325624DC50F00054DD8D /* LoginViewModel.swift */ = {isa = PBXFileReference; lastKnownFileType = sourcecode.swift; path = LoginViewModel.swift; sourceTree = "<group>"; };
		1FA1F6D924DC81A50095C0A2 /* HypeTexfield.swift */ = {isa = PBXFileReference; lastKnownFileType = sourcecode.swift; path = HypeTexfield.swift; sourceTree = "<group>"; };
		1FA1F6DC24DC81CE0095C0A2 /* OnTapDismissKeyboard.swift */ = {isa = PBXFileReference; lastKnownFileType = sourcecode.swift; path = OnTapDismissKeyboard.swift; sourceTree = "<group>"; };
		1FC2F39024DD6246006C78A8 /* Color.swift */ = {isa = PBXFileReference; lastKnownFileType = sourcecode.swift; path = Color.swift; sourceTree = "<group>"; };
		1FEFE54024DE9DD6002DEEB8 /* NetworkError.swift */ = {isa = PBXFileReference; lastKnownFileType = sourcecode.swift; path = NetworkError.swift; sourceTree = "<group>"; };
		1FEFE54324DE9E05002DEEB8 /* NetworkRequest.swift */ = {isa = PBXFileReference; lastKnownFileType = sourcecode.swift; path = NetworkRequest.swift; sourceTree = "<group>"; };
		1FEFE54624DEAA1D002DEEB8 /* TrackListRequest.swift */ = {isa = PBXFileReference; lastKnownFileType = sourcecode.swift; path = TrackListRequest.swift; sourceTree = "<group>"; };
		1FEFE54924DEAC75002DEEB8 /* PopularViewModel.swift */ = {isa = PBXFileReference; lastKnownFileType = sourcecode.swift; path = PopularViewModel.swift; sourceTree = "<group>"; };
		1FEFE57224DF1B06002DEEB8 /* TrackView.swift */ = {isa = PBXFileReference; lastKnownFileType = sourcecode.swift; path = TrackView.swift; sourceTree = "<group>"; };
		1FEFE57624DFD15C002DEEB8 /* MinuteSecondSFormatter.swift */ = {isa = PBXFileReference; lastKnownFileType = sourcecode.swift; path = MinuteSecondSFormatter.swift; sourceTree = "<group>"; };
/* End PBXFileReference section */

/* Begin PBXFrameworksBuildPhase section */
		1F49745024DC1EC10085F599 /* Frameworks */ = {
			isa = PBXFrameworksBuildPhase;
			buildActionMask = 2147483647;
			files = (
			);
			runOnlyForDeploymentPostprocessing = 0;
		};
		1F49745824DC1EC10085F599 /* Frameworks */ = {
			isa = PBXFrameworksBuildPhase;
			buildActionMask = 2147483647;
			files = (
			);
			runOnlyForDeploymentPostprocessing = 0;
		};
/* End PBXFrameworksBuildPhase section */

/* Begin PBXGroup section */
		1F49744624DC1EBF0085F599 = {
			isa = PBXGroup;
			children = (
				1F49744B24DC1EBF0085F599 /* Shared */,
				1F49745524DC1EC10085F599 /* iOS */,
				1F49745C24DC1EC10085F599 /* macOS */,
				1F49745424DC1EC10085F599 /* Products */,
			);
			sourceTree = "<group>";
		};
		1F49744B24DC1EBF0085F599 /* Shared */ = {
			isa = PBXGroup;
			children = (
				1F49746E24DC1F0B0085F599 /* App */,
				1FA1F6D824DC81970095C0A2 /* Modifiers */,
				1F83325224DC245B0054DD8D /* Environments */,
				1F49746D24DC1EFE0085F599 /* Keychain */,
				1FC2F38F24DD623A006C78A8 /* Extensions */,
				1F49747E24DC1F540085F599 /* Feature */,
				1F49747524DC1F350085F599 /* Network */,
				1F49744E24DC1EC10085F599 /* Assets.xcassets */,
			);
			path = Shared;
			sourceTree = "<group>";
		};
		1F49745424DC1EC10085F599 /* Products */ = {
			isa = PBXGroup;
			children = (
				1F49745324DC1EC10085F599 /* HypeLove.app */,
				1F49745B24DC1EC10085F599 /* HypeLove.app */,
			);
			name = Products;
			sourceTree = "<group>";
		};
		1F49745524DC1EC10085F599 /* iOS */ = {
			isa = PBXGroup;
			children = (
				1F49745624DC1EC10085F599 /* Info.plist */,
			);
			path = iOS;
			sourceTree = "<group>";
		};
		1F49745C24DC1EC10085F599 /* macOS */ = {
			isa = PBXGroup;
			children = (
				1F49745D24DC1EC10085F599 /* Info.plist */,
				1F49745E24DC1EC10085F599 /* macOS.entitlements */,
			);
			path = macOS;
			sourceTree = "<group>";
		};
		1F49746D24DC1EFE0085F599 /* Keychain */ = {
			isa = PBXGroup;
			children = (
				1F49746F24DC1F1F0085F599 /* Keychain.swift */,
				1F49747024DC1F1F0085F599 /* KeychainService.swift */,
			);
			path = Keychain;
			sourceTree = "<group>";
		};
		1F49746E24DC1F0B0085F599 /* App */ = {
			isa = PBXGroup;
			children = (
				1F49744C24DC1EBF0085F599 /* HypeLoveApp.swift */,
			);
			path = App;
			sourceTree = "<group>";
		};
		1F49747524DC1F350085F599 /* Network */ = {
			isa = PBXGroup;
			children = (
				1F49747624DC1F350085F599 /* NetworkClient.swift */,
				1FEFE54024DE9DD6002DEEB8 /* NetworkError.swift */,
				1FEFE54324DE9E05002DEEB8 /* NetworkRequest.swift */,
				1F49747724DC1F350085F599 /* Requests */,
			);
			path = Network;
			sourceTree = "<group>";
		};
		1F49747724DC1F350085F599 /* Requests */ = {
			isa = PBXGroup;
			children = (
				1F49747824DC1F350085F599 /* LoginRequest.swift */,
				1FEFE54624DEAA1D002DEEB8 /* TrackListRequest.swift */,
			);
			path = Requests;
			sourceTree = "<group>";
		};
		1F49747E24DC1F540085F599 /* Feature */ = {
			isa = PBXGroup;
			children = (
				1FEFE57524DFD150002DEEB8 /* Utils */,
				1F49748124DC1F540085F599 /* Explorer */,
				1F49748324DC1F540085F599 /* Login */,
			);
			path = Feature;
			sourceTree = "<group>";
		};
		1F49748124DC1F540085F599 /* Explorer */ = {
			isa = PBXGroup;
			children = (
				1F49748224DC1F540085F599 /* PopularView.swift */,
				1FEFE57224DF1B06002DEEB8 /* TrackView.swift */,
				1FEFE54924DEAC75002DEEB8 /* PopularViewModel.swift */,
			);
			path = Explorer;
			sourceTree = "<group>";
		};
		1F49748324DC1F540085F599 /* Login */ = {
			isa = PBXGroup;
			children = (
				1F49748424DC1F540085F599 /* LoginView.swift */,
				1F83325624DC50F00054DD8D /* LoginViewModel.swift */,
			);
			path = Login;
			sourceTree = "<group>";
		};
		1F83325224DC245B0054DD8D /* Environments */ = {
			isa = PBXGroup;
			children = (
				1F83325324DC246E0054DD8D /* UserState.swift */,
			);
			path = Environments;
			sourceTree = "<group>";
		};
		1FA1F6D824DC81970095C0A2 /* Modifiers */ = {
			isa = PBXGroup;
			children = (
				1FA1F6D924DC81A50095C0A2 /* HypeTexfield.swift */,
				1FA1F6DC24DC81CE0095C0A2 /* OnTapDismissKeyboard.swift */,
			);
			path = Modifiers;
			sourceTree = "<group>";
		};
		1FC2F38F24DD623A006C78A8 /* Extensions */ = {
			isa = PBXGroup;
			children = (
				1FC2F39024DD6246006C78A8 /* Color.swift */,
			);
			path = Extensions;
			sourceTree = "<group>";
		};
		1FEFE57524DFD150002DEEB8 /* Utils */ = {
			isa = PBXGroup;
			children = (
				1FEFE57624DFD15C002DEEB8 /* MinuteSecondSFormatter.swift */,
			);
			path = Utils;
			sourceTree = "<group>";
		};
/* End PBXGroup section */

/* Begin PBXNativeTarget section */
		1F49745224DC1EC10085F599 /* HypeLove (iOS) */ = {
			isa = PBXNativeTarget;
			buildConfigurationList = 1F49746724DC1EC10085F599 /* Build configuration list for PBXNativeTarget "HypeLove (iOS)" */;
			buildPhases = (
				1F49744F24DC1EC10085F599 /* Sources */,
				1F49745024DC1EC10085F599 /* Frameworks */,
				1F49745124DC1EC10085F599 /* Resources */,
			);
			buildRules = (
			);
			dependencies = (
			);
			name = "HypeLove (iOS)";
			productName = "HypeLove (iOS)";
			productReference = 1F49745324DC1EC10085F599 /* HypeLove.app */;
			productType = "com.apple.product-type.application";
		};
		1F49745A24DC1EC10085F599 /* HypeLove (macOS) */ = {
			isa = PBXNativeTarget;
			buildConfigurationList = 1F49746A24DC1EC10085F599 /* Build configuration list for PBXNativeTarget "HypeLove (macOS)" */;
			buildPhases = (
				1F49745724DC1EC10085F599 /* Sources */,
				1F49745824DC1EC10085F599 /* Frameworks */,
				1F49745924DC1EC10085F599 /* Resources */,
			);
			buildRules = (
			);
			dependencies = (
			);
			name = "HypeLove (macOS)";
			productName = "HypeLove (macOS)";
			productReference = 1F49745B24DC1EC10085F599 /* HypeLove.app */;
			productType = "com.apple.product-type.application";
		};
/* End PBXNativeTarget section */

/* Begin PBXProject section */
		1F49744724DC1EBF0085F599 /* Project object */ = {
			isa = PBXProject;
			attributes = {
				LastSwiftUpdateCheck = 1200;
				LastUpgradeCheck = 1200;
				TargetAttributes = {
					1F49745224DC1EC10085F599 = {
						CreatedOnToolsVersion = 12.0;
					};
					1F49745A24DC1EC10085F599 = {
						CreatedOnToolsVersion = 12.0;
					};
				};
			};
			buildConfigurationList = 1F49744A24DC1EBF0085F599 /* Build configuration list for PBXProject "HypeLove" */;
			compatibilityVersion = "Xcode 9.3";
			developmentRegion = en;
			hasScannedForEncodings = 0;
			knownRegions = (
				en,
				Base,
			);
			mainGroup = 1F49744624DC1EBF0085F599;
			productRefGroup = 1F49745424DC1EC10085F599 /* Products */;
			projectDirPath = "";
			projectRoot = "";
			targets = (
				1F49745224DC1EC10085F599 /* HypeLove (iOS) */,
				1F49745A24DC1EC10085F599 /* HypeLove (macOS) */,
			);
		};
/* End PBXProject section */

/* Begin PBXResourcesBuildPhase section */
		1F49745124DC1EC10085F599 /* Resources */ = {
			isa = PBXResourcesBuildPhase;
			buildActionMask = 2147483647;
			files = (
				1F49746324DC1EC10085F599 /* Assets.xcassets in Resources */,
			);
			runOnlyForDeploymentPostprocessing = 0;
		};
		1F49745924DC1EC10085F599 /* Resources */ = {
			isa = PBXResourcesBuildPhase;
			buildActionMask = 2147483647;
			files = (
				1F49746424DC1EC10085F599 /* Assets.xcassets in Resources */,
			);
			runOnlyForDeploymentPostprocessing = 0;
		};
/* End PBXResourcesBuildPhase section */

/* Begin PBXSourcesBuildPhase section */
		1F49744F24DC1EC10085F599 /* Sources */ = {
			isa = PBXSourcesBuildPhase;
			buildActionMask = 2147483647;
			files = (
				1FEFE54A24DEAC75002DEEB8 /* PopularViewModel.swift in Sources */,
				1FEFE54724DEAA1D002DEEB8 /* TrackListRequest.swift in Sources */,
				1FEFE54424DE9E05002DEEB8 /* NetworkRequest.swift in Sources */,
				1F83325424DC246E0054DD8D /* UserState.swift in Sources */,
				1FC2F39124DD6246006C78A8 /* Color.swift in Sources */,
				1F49745F24DC1EC10085F599 /* HypeLoveApp.swift in Sources */,
				1F49747124DC1F1F0085F599 /* Keychain.swift in Sources */,
				1FEFE57324DF1B06002DEEB8 /* TrackView.swift in Sources */,
				1F49747224DC1F1F0085F599 /* KeychainService.swift in Sources */,
				1FA1F6DA24DC81A50095C0A2 /* HypeTexfield.swift in Sources */,
				1FA1F6DD24DC81CE0095C0A2 /* OnTapDismissKeyboard.swift in Sources */,
				1F49747B24DC1F350085F599 /* LoginRequest.swift in Sources */,
				1FEFE57724DFD15C002DEEB8 /* MinuteSecondSFormatter.swift in Sources */,
				1F49748724DC1F540085F599 /* PopularView.swift in Sources */,
				1F49748924DC1F540085F599 /* LoginView.swift in Sources */,
				1FEFE54124DE9DD6002DEEB8 /* NetworkError.swift in Sources */,
				1F49747924DC1F350085F599 /* NetworkClient.swift in Sources */,
				1F83325724DC50F00054DD8D /* LoginViewModel.swift in Sources */,
			);
			runOnlyForDeploymentPostprocessing = 0;
		};
		1F49745724DC1EC10085F599 /* Sources */ = {
			isa = PBXSourcesBuildPhase;
			buildActionMask = 2147483647;
			files = (
				1FEFE54B24DEAC75002DEEB8 /* PopularViewModel.swift in Sources */,
				1FEFE54824DEAA1D002DEEB8 /* TrackListRequest.swift in Sources */,
				1FEFE54524DE9E05002DEEB8 /* NetworkRequest.swift in Sources */,
				1F83325524DC246E0054DD8D /* UserState.swift in Sources */,
				1FC2F39224DD6246006C78A8 /* Color.swift in Sources */,
				1F49746024DC1EC10085F599 /* HypeLoveApp.swift in Sources */,
				1F49747324DC1F230085F599 /* Keychain.swift in Sources */,
				1FEFE57424DF1B06002DEEB8 /* TrackView.swift in Sources */,
				1F49747424DC1F260085F599 /* KeychainService.swift in Sources */,
				1FA1F6DB24DC81A50095C0A2 /* HypeTexfield.swift in Sources */,
				1FA1F6DE24DC81CE0095C0A2 /* OnTapDismissKeyboard.swift in Sources */,
				1F49747C24DC1F350085F599 /* LoginRequest.swift in Sources */,
				1FEFE57824DFD15C002DEEB8 /* MinuteSecondSFormatter.swift in Sources */,
				1F49748824DC1F540085F599 /* PopularView.swift in Sources */,
				1F49748A24DC1F540085F599 /* LoginView.swift in Sources */,
				1FEFE54224DE9DD6002DEEB8 /* NetworkError.swift in Sources */,
				1F49747A24DC1F350085F599 /* NetworkClient.swift in Sources */,
				1F83325824DC50F00054DD8D /* LoginViewModel.swift in Sources */,
			);
			runOnlyForDeploymentPostprocessing = 0;
		};
/* End PBXSourcesBuildPhase section */

/* Begin XCBuildConfiguration section */
		1F49746524DC1EC10085F599 /* Debug */ = {
			isa = XCBuildConfiguration;
			buildSettings = {
				ALWAYS_SEARCH_USER_PATHS = NO;
				CLANG_ANALYZER_NONNULL = YES;
				CLANG_ANALYZER_NUMBER_OBJECT_CONVERSION = YES_AGGRESSIVE;
				CLANG_CXX_LANGUAGE_STANDARD = "gnu++14";
				CLANG_CXX_LIBRARY = "libc++";
				CLANG_ENABLE_MODULES = YES;
				CLANG_ENABLE_OBJC_ARC = YES;
				CLANG_ENABLE_OBJC_WEAK = YES;
				CLANG_WARN_BLOCK_CAPTURE_AUTORELEASING = YES;
				CLANG_WARN_BOOL_CONVERSION = YES;
				CLANG_WARN_COMMA = YES;
				CLANG_WARN_CONSTANT_CONVERSION = YES;
				CLANG_WARN_DEPRECATED_OBJC_IMPLEMENTATIONS = YES;
				CLANG_WARN_DIRECT_OBJC_ISA_USAGE = YES_ERROR;
				CLANG_WARN_DOCUMENTATION_COMMENTS = YES;
				CLANG_WARN_EMPTY_BODY = YES;
				CLANG_WARN_ENUM_CONVERSION = YES;
				CLANG_WARN_INFINITE_RECURSION = YES;
				CLANG_WARN_INT_CONVERSION = YES;
				CLANG_WARN_NON_LITERAL_NULL_CONVERSION = YES;
				CLANG_WARN_OBJC_IMPLICIT_RETAIN_SELF = YES;
				CLANG_WARN_OBJC_LITERAL_CONVERSION = YES;
				CLANG_WARN_OBJC_ROOT_CLASS = YES_ERROR;
				CLANG_WARN_QUOTED_INCLUDE_IN_FRAMEWORK_HEADER = YES;
				CLANG_WARN_RANGE_LOOP_ANALYSIS = YES;
				CLANG_WARN_STRICT_PROTOTYPES = YES;
				CLANG_WARN_SUSPICIOUS_MOVE = YES;
				CLANG_WARN_UNGUARDED_AVAILABILITY = YES_AGGRESSIVE;
				CLANG_WARN_UNREACHABLE_CODE = YES;
				CLANG_WARN__DUPLICATE_METHOD_MATCH = YES;
				COPY_PHASE_STRIP = NO;
				DEBUG_INFORMATION_FORMAT = dwarf;
				ENABLE_STRICT_OBJC_MSGSEND = YES;
				ENABLE_TESTABILITY = YES;
				GCC_C_LANGUAGE_STANDARD = gnu11;
				GCC_DYNAMIC_NO_PIC = NO;
				GCC_NO_COMMON_BLOCKS = YES;
				GCC_OPTIMIZATION_LEVEL = 0;
				GCC_PREPROCESSOR_DEFINITIONS = (
					"DEBUG=1",
					"$(inherited)",
				);
				GCC_WARN_64_TO_32_BIT_CONVERSION = YES;
				GCC_WARN_ABOUT_RETURN_TYPE = YES_ERROR;
				GCC_WARN_UNDECLARED_SELECTOR = YES;
				GCC_WARN_UNINITIALIZED_AUTOS = YES_AGGRESSIVE;
				GCC_WARN_UNUSED_FUNCTION = YES;
				GCC_WARN_UNUSED_VARIABLE = YES;
				MTL_ENABLE_DEBUG_INFO = INCLUDE_SOURCE;
				MTL_FAST_MATH = YES;
				ONLY_ACTIVE_ARCH = YES;
				SWIFT_ACTIVE_COMPILATION_CONDITIONS = DEBUG;
				SWIFT_OPTIMIZATION_LEVEL = "-Onone";
			};
			name = Debug;
		};
		1F49746624DC1EC10085F599 /* Release */ = {
			isa = XCBuildConfiguration;
			buildSettings = {
				ALWAYS_SEARCH_USER_PATHS = NO;
				CLANG_ANALYZER_NONNULL = YES;
				CLANG_ANALYZER_NUMBER_OBJECT_CONVERSION = YES_AGGRESSIVE;
				CLANG_CXX_LANGUAGE_STANDARD = "gnu++14";
				CLANG_CXX_LIBRARY = "libc++";
				CLANG_ENABLE_MODULES = YES;
				CLANG_ENABLE_OBJC_ARC = YES;
				CLANG_ENABLE_OBJC_WEAK = YES;
				CLANG_WARN_BLOCK_CAPTURE_AUTORELEASING = YES;
				CLANG_WARN_BOOL_CONVERSION = YES;
				CLANG_WARN_COMMA = YES;
				CLANG_WARN_CONSTANT_CONVERSION = YES;
				CLANG_WARN_DEPRECATED_OBJC_IMPLEMENTATIONS = YES;
				CLANG_WARN_DIRECT_OBJC_ISA_USAGE = YES_ERROR;
				CLANG_WARN_DOCUMENTATION_COMMENTS = YES;
				CLANG_WARN_EMPTY_BODY = YES;
				CLANG_WARN_ENUM_CONVERSION = YES;
				CLANG_WARN_INFINITE_RECURSION = YES;
				CLANG_WARN_INT_CONVERSION = YES;
				CLANG_WARN_NON_LITERAL_NULL_CONVERSION = YES;
				CLANG_WARN_OBJC_IMPLICIT_RETAIN_SELF = YES;
				CLANG_WARN_OBJC_LITERAL_CONVERSION = YES;
				CLANG_WARN_OBJC_ROOT_CLASS = YES_ERROR;
				CLANG_WARN_QUOTED_INCLUDE_IN_FRAMEWORK_HEADER = YES;
				CLANG_WARN_RANGE_LOOP_ANALYSIS = YES;
				CLANG_WARN_STRICT_PROTOTYPES = YES;
				CLANG_WARN_SUSPICIOUS_MOVE = YES;
				CLANG_WARN_UNGUARDED_AVAILABILITY = YES_AGGRESSIVE;
				CLANG_WARN_UNREACHABLE_CODE = YES;
				CLANG_WARN__DUPLICATE_METHOD_MATCH = YES;
				COPY_PHASE_STRIP = NO;
				DEBUG_INFORMATION_FORMAT = "dwarf-with-dsym";
				ENABLE_NS_ASSERTIONS = NO;
				ENABLE_STRICT_OBJC_MSGSEND = YES;
				GCC_C_LANGUAGE_STANDARD = gnu11;
				GCC_NO_COMMON_BLOCKS = YES;
				GCC_WARN_64_TO_32_BIT_CONVERSION = YES;
				GCC_WARN_ABOUT_RETURN_TYPE = YES_ERROR;
				GCC_WARN_UNDECLARED_SELECTOR = YES;
				GCC_WARN_UNINITIALIZED_AUTOS = YES_AGGRESSIVE;
				GCC_WARN_UNUSED_FUNCTION = YES;
				GCC_WARN_UNUSED_VARIABLE = YES;
				MTL_ENABLE_DEBUG_INFO = NO;
				MTL_FAST_MATH = YES;
				SWIFT_COMPILATION_MODE = wholemodule;
				SWIFT_OPTIMIZATION_LEVEL = "-O";
			};
			name = Release;
		};
		1F49746824DC1EC10085F599 /* Debug */ = {
			isa = XCBuildConfiguration;
			buildSettings = {
				ASSETCATALOG_COMPILER_APPICON_NAME = AppIcon;
				ASSETCATALOG_COMPILER_GLOBAL_ACCENT_COLOR_NAME = AccentColor;
				CODE_SIGN_STYLE = Automatic;
				DEVELOPMENT_TEAM = HQV3E5C7S2;
				ENABLE_PREVIEWS = YES;
				INFOPLIST_FILE = iOS/Info.plist;
				IPHONEOS_DEPLOYMENT_TARGET = 14.0;
				LD_RUNPATH_SEARCH_PATHS = (
					"$(inherited)",
					"@executable_path/Frameworks",
				);
				PRODUCT_BUNDLE_IDENTIFIER = co.corbi.HypeLove;
				PRODUCT_NAME = HypeLove;
				SDKROOT = iphoneos;
				SWIFT_VERSION = 5.0;
				TARGETED_DEVICE_FAMILY = "1,2";
			};
			name = Debug;
		};
		1F49746924DC1EC10085F599 /* Release */ = {
			isa = XCBuildConfiguration;
			buildSettings = {
				ASSETCATALOG_COMPILER_APPICON_NAME = AppIcon;
				ASSETCATALOG_COMPILER_GLOBAL_ACCENT_COLOR_NAME = AccentColor;
				CODE_SIGN_STYLE = Automatic;
				DEVELOPMENT_TEAM = HQV3E5C7S2;
				ENABLE_PREVIEWS = YES;
				INFOPLIST_FILE = iOS/Info.plist;
				IPHONEOS_DEPLOYMENT_TARGET = 14.0;
				LD_RUNPATH_SEARCH_PATHS = (
					"$(inherited)",
					"@executable_path/Frameworks",
				);
				PRODUCT_BUNDLE_IDENTIFIER = co.corbi.HypeLove;
				PRODUCT_NAME = HypeLove;
				SDKROOT = iphoneos;
				SWIFT_VERSION = 5.0;
				TARGETED_DEVICE_FAMILY = "1,2";
				VALIDATE_PRODUCT = YES;
			};
			name = Release;
		};
		1F49746B24DC1EC10085F599 /* Debug */ = {
			isa = XCBuildConfiguration;
			buildSettings = {
				ASSETCATALOG_COMPILER_APPICON_NAME = AppIcon;
				ASSETCATALOG_COMPILER_GLOBAL_ACCENT_COLOR_NAME = AccentColor;
				CODE_SIGN_ENTITLEMENTS = macOS/macOS.entitlements;
				CODE_SIGN_STYLE = Automatic;
				COMBINE_HIDPI_IMAGES = YES;
				DEVELOPMENT_TEAM = HQV3E5C7S2;
				ENABLE_HARDENED_RUNTIME = YES;
				ENABLE_PREVIEWS = YES;
				INFOPLIST_FILE = macOS/Info.plist;
				LD_RUNPATH_SEARCH_PATHS = (
					"$(inherited)",
					"@executable_path/../Frameworks",
				);
				MACOSX_DEPLOYMENT_TARGET = 11.0;
				PRODUCT_BUNDLE_IDENTIFIER = co.corbi.HypeLove;
				PRODUCT_NAME = HypeLove;
				SDKROOT = macosx;
				SWIFT_VERSION = 5.0;
			};
			name = Debug;
		};
		1F49746C24DC1EC10085F599 /* Release */ = {
			isa = XCBuildConfiguration;
			buildSettings = {
				ASSETCATALOG_COMPILER_APPICON_NAME = AppIcon;
				ASSETCATALOG_COMPILER_GLOBAL_ACCENT_COLOR_NAME = AccentColor;
				CODE_SIGN_ENTITLEMENTS = macOS/macOS.entitlements;
				CODE_SIGN_STYLE = Automatic;
				COMBINE_HIDPI_IMAGES = YES;
				DEVELOPMENT_TEAM = HQV3E5C7S2;
				ENABLE_HARDENED_RUNTIME = YES;
				ENABLE_PREVIEWS = YES;
				INFOPLIST_FILE = macOS/Info.plist;
				LD_RUNPATH_SEARCH_PATHS = (
					"$(inherited)",
					"@executable_path/../Frameworks",
				);
				MACOSX_DEPLOYMENT_TARGET = 11.0;
				PRODUCT_BUNDLE_IDENTIFIER = co.corbi.HypeLove;
				PRODUCT_NAME = HypeLove;
				SDKROOT = macosx;
				SWIFT_VERSION = 5.0;
			};
			name = Release;
		};
/* End XCBuildConfiguration section */

/* Begin XCConfigurationList section */
		1F49744A24DC1EBF0085F599 /* Build configuration list for PBXProject "HypeLove" */ = {
			isa = XCConfigurationList;
			buildConfigurations = (
				1F49746524DC1EC10085F599 /* Debug */,
				1F49746624DC1EC10085F599 /* Release */,
			);
			defaultConfigurationIsVisible = 0;
			defaultConfigurationName = Release;
		};
		1F49746724DC1EC10085F599 /* Build configuration list for PBXNativeTarget "HypeLove (iOS)" */ = {
			isa = XCConfigurationList;
			buildConfigurations = (
				1F49746824DC1EC10085F599 /* Debug */,
				1F49746924DC1EC10085F599 /* Release */,
			);
			defaultConfigurationIsVisible = 0;
			defaultConfigurationName = Release;
		};
		1F49746A24DC1EC10085F599 /* Build configuration list for PBXNativeTarget "HypeLove (macOS)" */ = {
			isa = XCConfigurationList;
			buildConfigurations = (
				1F49746B24DC1EC10085F599 /* Debug */,
				1F49746C24DC1EC10085F599 /* Release */,
			);
			defaultConfigurationIsVisible = 0;
			defaultConfigurationName = Release;
		};
/* End XCConfigurationList section */
	};
	rootObject = 1F49744724DC1EBF0085F599 /* Project object */;
}
